
Microsoft Visual Studio Solution File, Format Version 12.00
# Visual Studio Version 17
VisualStudioVersion = 17.11.35312.102
MinimumVisualStudioVersion = 10.0.40219.1
Project("{FAE04EC0-301F-11D3-BF4B-00C04F79EFBC}") = "OnlineStore_WinformsUI", "OnlineStore_WinformsUI\OnlineStore_WinformsUI.csproj", "{1A5C1B23-ED5F-4B7E-BDC9-6D4C8798F5AE}"
EndProject
Global
	GlobalSection(SolutionConfigurationPlatforms) = preSolution
		Debug|Any CPU = Debug|Any CPU
		Release|Any CPU = Release|Any CPU
	EndGlobalSection
	GlobalSection(ProjectConfigurationPlatforms) = postSolution
		{1A5C1B23-ED5F-4B7E-BDC9-6D4C8798F5AE}.Debug|Any CPU.ActiveCfg = Debug|Any CPU
		{1A5C1B23-ED5F-4B7E-BDC9-6D4C8798F5AE}.Debug|Any CPU.Build.0 = Debug|Any CPU
		{1A5C1B23-ED5F-4B7E-BDC9-6D4C8798F5AE}.Release|Any CPU.ActiveCfg = Release|Any CPU
		{1A5C1B23-ED5F-4B7E-BDC9-6D4C8798F5AE}.Release|Any CPU.Build.0 = Release|Any CPU
	EndGlobalSection
	GlobalSection(SolutionProperties) = preSolution
		HideSolutionNode = FALSE
	EndGlobalSection
	GlobalSection(ExtensibilityGlobals) = postSolution
		SolutionGuid = {7D0C52E7-518C-49B5-9AFC-B9AE15AF146F}
	EndGlobalSection
EndGlobal
